
Microsoft Visual Studio Solution File, Format Version 12.00
# Visual Studio Version 16
VisualStudioVersion = 16.0.29926.136
MinimumVisualStudioVersion = 10.0.40219.1
Project("{FAE04EC0-301F-11D3-BF4B-00C04F79EFBC}") = "CRM", "CRM.csproj", "{D65CDDCE-F68D-4DB7-AF0A-4AAEFEC40560}"
EndProject
Global
	GlobalSection(SolutionConfigurationPlatforms) = preSolution
		Debug|Any CPU = Debug|Any CPU
		Release|Any CPU = Release|Any CPU
	EndGlobalSection
	GlobalSection(ProjectConfigurationPlatforms) = postSolution
		{D65CDDCE-F68D-4DB7-AF0A-4AAEFEC40560}.Debug|Any CPU.ActiveCfg = Debug|Any CPU
		{D65CDDCE-F68D-4DB7-AF0A-4AAEFEC40560}.Debug|Any CPU.Build.0 = Debug|Any CPU
		{D65CDDCE-F68D-4DB7-AF0A-4AAEFEC40560}.Release|Any CPU.ActiveCfg = Release|Any CPU
		{D65CDDCE-F68D-4DB7-AF0A-4AAEFEC40560}.Release|Any CPU.Build.0 = Release|Any CPU
	EndGlobalSection
	GlobalSection(SolutionProperties) = preSolution
		HideSolutionNode = FALSE
	EndGlobalSection
	GlobalSection(ExtensibilityGlobals) = postSolution
		SolutionGuid = {E49FB268-13E9-414E-87A0-BF1BFEDE8053}
	EndGlobalSection
EndGlobal
